{
  "object": {
    "pins": [
      {
        "package": "Kingfisher",
        "repositoryURL": "https://github.com/onevcat/Kingfisher.git",
        "state": {
          "branch": null,
          "revision": "623e1595526a2034dc49eda264a4d174e90dac64",
          "version": "8.1.2"
        }
      }
    ]
  },
  "version": 1
}
