{
  "object": {
    "pins": [
      {
        "package": "HXPHPicker",
        "repositoryURL": "https://github.com/SilenceLove/HXPHPicker",
        "state": {
          "branch": null,
          "revision": "06f564d6060c9d961b41e09524968d81ae3f0c1f",
          "version": null
        }
      }
    ]
  },
  "version": 1
}
