{
  "object": {
    "pins": [
      {
        "package": "HXPHPicker",
        "repositoryURL": "https://github.com/SilenceLove/HXPHPicker",
        "state": {
          "branch": null,
          "revision": "efa2671ac0c4304de1c424450d964a3bbd837212",
          "version": "1.0.8"
        }
      }
    ]
  },
  "version": 1
}
